// !$*UTF8*$!
{
	archiveVersion = 1;
	classes = {
	};
	objectVersion = 50;
	objects = {

/* Begin PBXBuildFile section */
		3388BADC2452AAEC00F44AE7 /* AppDelegate.swift in Sources */ = {isa = PBXBuildFile; fileRef = 3388BADB2452AAEC00F44AE7 /* AppDelegate.swift */; };
		3388BADE2452AAEC00F44AE7 /* SceneDelegate.swift in Sources */ = {isa = PBXBuildFile; fileRef = 3388BADD2452AAEC00F44AE7 /* SceneDelegate.swift */; };
		3388BAE02452AAEC00F44AE7 /* ViewController.swift in Sources */ = {isa = PBXBuildFile; fileRef = 3388BADF2452AAEC00F44AE7 /* ViewController.swift */; };
		3388BAE32452AAEC00F44AE7 /* Main.storyboard in Resources */ = {isa = PBXBuildFile; fileRef = 3388BAE12452AAEC00F44AE7 /* Main.storyboard */; };
		3388BAE52452AAF100F44AE7 /* Assets.xcassets in Resources */ = {isa = PBXBuildFile; fileRef = 3388BAE42452AAF100F44AE7 /* Assets.xcassets */; };
		3388BAE82452AAF100F44AE7 /* LaunchScreen.storyboard in Resources */ = {isa = PBXBuildFile; fileRef = 3388BAE62452AAF100F44AE7 /* LaunchScreen.storyboard */; };
		3388BAF32452AAF200F44AE7 /* PipelineiOSTestTests.swift in Sources */ = {isa = PBXBuildFile; fileRef = 3388BAF22452AAF200F44AE7 /* PipelineiOSTestTests.swift */; };
		3388BAFE2452AAF200F44AE7 /* PipelineiOSTestUITests.swift in Sources */ = {isa = PBXBuildFile; fileRef = 3388BAFD2452AAF200F44AE7 /* PipelineiOSTestUITests.swift */; };
		3388BB0C2452AB1B00F44AE7 /* sample.pdf in Resources */ = {isa = PBXBuildFile; fileRef = 3388BB0B2452AB1B00F44AE7 /* sample.pdf */; };
		3388BB0E2452AC0B00F44AE7 /* Counter.swift in Sources */ = {isa = PBXBuildFile; fileRef = 3388BB0D2452AC0B00F44AE7 /* Counter.swift */; };
/* End PBXBuildFile section */

/* Begin PBXContainerItemProxy section */
		3388BAEF2452AAF200F44AE7 /* PBXContainerItemProxy */ = {
			isa = PBXContainerItemProxy;
			containerPortal = 3388BAD02452AAEC00F44AE7 /* Project object */;
			proxyType = 1;
			remoteGlobalIDString = 3388BAD72452AAEC00F44AE7;
			remoteInfo = PipelineiOSTest;
		};
		3388BAFA2452AAF200F44AE7 /* PBXContainerItemProxy */ = {
			isa = PBXContainerItemProxy;
			containerPortal = 3388BAD02452AAEC00F44AE7 /* Project object */;
			proxyType = 1;
			remoteGlobalIDString = 3388BAD72452AAEC00F44AE7;
			remoteInfo = PipelineiOSTest;
		};
/* End PBXContainerItemProxy section */

/* Begin PBXFileReference section */
		3388BAD82452AAEC00F44AE7 /* PipelineiOSTest.app */ = {isa = PBXFileReference; explicitFileType = wrapper.application; includeInIndex = 0; path = PipelineiOSTest.app; sourceTree = BUILT_PRODUCTS_DIR; };
		3388BADB2452AAEC00F44AE7 /* AppDelegate.swift */ = {isa = PBXFileReference; lastKnownFileType = sourcecode.swift; path = AppDelegate.swift; sourceTree = "<group>"; };
		3388BADD2452AAEC00F44AE7 /* SceneDelegate.swift */ = {isa = PBXFileReference; lastKnownFileType = sourcecode.swift; path = SceneDelegate.swift; sourceTree = "<group>"; };
		3388BADF2452AAEC00F44AE7 /* ViewController.swift */ = {isa = PBXFileReference; lastKnownFileType = sourcecode.swift; path = ViewController.swift; sourceTree = "<group>"; };
		3388BAE22452AAEC00F44AE7 /* Base */ = {isa = PBXFileReference; lastKnownFileType = file.storyboard; name = Base; path = Base.lproj/Main.storyboard; sourceTree = "<group>"; };
		3388BAE42452AAF100F44AE7 /* Assets.xcassets */ = {isa = PBXFileReference; lastKnownFileType = folder.assetcatalog; path = Assets.xcassets; sourceTree = "<group>"; };
		3388BAE72452AAF100F44AE7 /* Base */ = {isa = PBXFileReference; lastKnownFileType = file.storyboard; name = Base; path = Base.lproj/LaunchScreen.storyboard; sourceTree = "<group>"; };
		3388BAE92452AAF100F44AE7 /* Info.plist */ = {isa = PBXFileReference; lastKnownFileType = text.plist.xml; path = Info.plist; sourceTree = "<group>"; };
		3388BAEE2452AAF200F44AE7 /* PipelineiOSTestTests.xctest */ = {isa = PBXFileReference; explicitFileType = wrapper.cfbundle; includeInIndex = 0; path = PipelineiOSTestTests.xctest; sourceTree = BUILT_PRODUCTS_DIR; };
		3388BAF22452AAF200F44AE7 /* PipelineiOSTestTests.swift */ = {isa = PBXFileReference; lastKnownFileType = sourcecode.swift; path = PipelineiOSTestTests.swift; sourceTree = "<group>"; };
		3388BAF42452AAF200F44AE7 /* Info.plist */ = {isa = PBXFileReference; lastKnownFileType = text.plist.xml; path = Info.plist; sourceTree = "<group>"; };
		3388BAF92452AAF200F44AE7 /* PipelineiOSTestUITests.xctest */ = {isa = PBXFileReference; explicitFileType = wrapper.cfbundle; includeInIndex = 0; path = PipelineiOSTestUITests.xctest; sourceTree = BUILT_PRODUCTS_DIR; };
		3388BAFD2452AAF200F44AE7 /* PipelineiOSTestUITests.swift */ = {isa = PBXFileReference; lastKnownFileType = sourcecode.swift; path = PipelineiOSTestUITests.swift; sourceTree = "<group>"; };
		3388BAFF2452AAF200F44AE7 /* Info.plist */ = {isa = PBXFileReference; lastKnownFileType = text.plist.xml; path = Info.plist; sourceTree = "<group>"; };
		3388BB0B2452AB1B00F44AE7 /* sample.pdf */ = {isa = PBXFileReference; lastKnownFileType = image.pdf; path = sample.pdf; sourceTree = "<group>"; };
		3388BB0D2452AC0B00F44AE7 /* Counter.swift */ = {isa = PBXFileReference; fileEncoding = 4; lastKnownFileType = sourcecode.swift; path = Counter.swift; sourceTree = "<group>"; };
/* End PBXFileReference section */

/* Begin PBXFrameworksBuildPhase section */
		3388BAD52452AAEC00F44AE7 /* Frameworks */ = {
			isa = PBXFrameworksBuildPhase;
			buildActionMask = 2147483647;
			files = (
			);
			runOnlyForDeploymentPostprocessing = 0;
		};
		3388BAEB2452AAF200F44AE7 /* Frameworks */ = {
			isa = PBXFrameworksBuildPhase;
			buildActionMask = 2147483647;
			files = (
			);
			runOnlyForDeploymentPostprocessing = 0;
		};
		3388BAF62452AAF200F44AE7 /* Frameworks */ = {
			isa = PBXFrameworksBuildPhase;
			buildActionMask = 2147483647;
			files = (
			);
			runOnlyForDeploymentPostprocessing = 0;
		};
/* End PBXFrameworksBuildPhase section */

/* Begin PBXGroup section */
		3388BACF2452AAEC00F44AE7 = {
			isa = PBXGroup;
			children = (
				3388BADA2452AAEC00F44AE7 /* PipelineiOSTest */,
				3388BAF12452AAF200F44AE7 /* PipelineiOSTestTests */,
				3388BAFC2452AAF200F44AE7 /* PipelineiOSTestUITests */,
				3388BAD92452AAEC00F44AE7 /* Products */,
			);
			sourceTree = "<group>";
		};
		3388BAD92452AAEC00F44AE7 /* Products */ = {
			isa = PBXGroup;
			children = (
				3388BAD82452AAEC00F44AE7 /* PipelineiOSTest.app */,
				3388BAEE2452AAF200F44AE7 /* PipelineiOSTestTests.xctest */,
				3388BAF92452AAF200F44AE7 /* PipelineiOSTestUITests.xctest */,
			);
			name = Products;
			sourceTree = "<group>";
		};
		3388BADA2452AAEC00F44AE7 /* PipelineiOSTest */ = {
			isa = PBXGroup;
			children = (
				3388BB0B2452AB1B00F44AE7 /* sample.pdf */,
				3388BADB2452AAEC00F44AE7 /* AppDelegate.swift */,
				3388BADD2452AAEC00F44AE7 /* SceneDelegate.swift */,
				3388BB0D2452AC0B00F44AE7 /* Counter.swift */,
				3388BADF2452AAEC00F44AE7 /* ViewController.swift */,
				3388BAE12452AAEC00F44AE7 /* Main.storyboard */,
				3388BAE42452AAF100F44AE7 /* Assets.xcassets */,
				3388BAE62452AAF100F44AE7 /* LaunchScreen.storyboard */,
				3388BAE92452AAF100F44AE7 /* Info.plist */,
			);
			path = PipelineiOSTest;
			sourceTree = "<group>";
		};
		3388BAF12452AAF200F44AE7 /* PipelineiOSTestTests */ = {
			isa = PBXGroup;
			children = (
				3388BAF22452AAF200F44AE7 /* PipelineiOSTestTests.swift */,
				3388BAF42452AAF200F44AE7 /* Info.plist */,
			);
			path = PipelineiOSTestTests;
			sourceTree = "<group>";
		};
		3388BAFC2452AAF200F44AE7 /* PipelineiOSTestUITests */ = {
			isa = PBXGroup;
			children = (
				3388BAFD2452AAF200F44AE7 /* PipelineiOSTestUITests.swift */,
				3388BAFF2452AAF200F44AE7 /* Info.plist */,
			);
			path = PipelineiOSTestUITests;
			sourceTree = "<group>";
		};
/* End PBXGroup section */

/* Begin PBXNativeTarget section */
		3388BAD72452AAEC00F44AE7 /* PipelineiOSTest */ = {
			isa = PBXNativeTarget;
			buildConfigurationList = 3388BB022452AAF200F44AE7 /* Build configuration list for PBXNativeTarget "PipelineiOSTest" */;
			buildPhases = (
				3388BAD42452AAEC00F44AE7 /* Sources */,
				3388BAD52452AAEC00F44AE7 /* Frameworks */,
				3388BAD62452AAEC00F44AE7 /* Resources */,
			);
			buildRules = (
			);
			dependencies = (
			);
			name = PipelineiOSTest;
			productName = PipelineiOSTest;
			productReference = 3388BAD82452AAEC00F44AE7 /* PipelineiOSTest.app */;
			productType = "com.apple.product-type.application";
		};
		3388BAED2452AAF200F44AE7 /* PipelineiOSTestTests */ = {
			isa = PBXNativeTarget;
			buildConfigurationList = 3388BB052452AAF200F44AE7 /* Build configuration list for PBXNativeTarget "PipelineiOSTestTests" */;
			buildPhases = (
				3388BAEA2452AAF200F44AE7 /* Sources */,
				3388BAEB2452AAF200F44AE7 /* Frameworks */,
				3388BAEC2452AAF200F44AE7 /* Resources */,
			);
			buildRules = (
			);
			dependencies = (
				3388BAF02452AAF200F44AE7 /* PBXTargetDependency */,
			);
			name = PipelineiOSTestTests;
			productName = PipelineiOSTestTests;
			productReference = 3388BAEE2452AAF200F44AE7 /* PipelineiOSTestTests.xctest */;
			productType = "com.apple.product-type.bundle.unit-test";
		};
		3388BAF82452AAF200F44AE7 /* PipelineiOSTestUITests */ = {
			isa = PBXNativeTarget;
			buildConfigurationList = 3388BB082452AAF200F44AE7 /* Build configuration list for PBXNativeTarget "PipelineiOSTestUITests" */;
			buildPhases = (
				3388BAF52452AAF200F44AE7 /* Sources */,
				3388BAF62452AAF200F44AE7 /* Frameworks */,
				3388BAF72452AAF200F44AE7 /* Resources */,
			);
			buildRules = (
			);
			dependencies = (
				3388BAFB2452AAF200F44AE7 /* PBXTargetDependency */,
			);
			name = PipelineiOSTestUITests;
			productName = PipelineiOSTestUITests;
			productReference = 3388BAF92452AAF200F44AE7 /* PipelineiOSTestUITests.xctest */;
			productType = "com.apple.product-type.bundle.ui-testing";
		};
/* End PBXNativeTarget section */

/* Begin PBXProject section */
		3388BAD02452AAEC00F44AE7 /* Project object */ = {
			isa = PBXProject;
			attributes = {
				LastSwiftUpdateCheck = 1130;
				LastUpgradeCheck = 1130;
				ORGANIZATIONNAME = "Diya Systems";
				TargetAttributes = {
					3388BAD72452AAEC00F44AE7 = {
						CreatedOnToolsVersion = 11.3.1;
					};
					3388BAED2452AAF200F44AE7 = {
						CreatedOnToolsVersion = 11.3.1;
						TestTargetID = 3388BAD72452AAEC00F44AE7;
					};
					3388BAF82452AAF200F44AE7 = {
						CreatedOnToolsVersion = 11.3.1;
						TestTargetID = 3388BAD72452AAEC00F44AE7;
					};
				};
			};
			buildConfigurationList = 3388BAD32452AAEC00F44AE7 /* Build configuration list for PBXProject "PipelineiOSTest" */;
			compatibilityVersion = "Xcode 9.3";
			developmentRegion = en;
			hasScannedForEncodings = 0;
			knownRegions = (
				en,
				Base,
			);
			mainGroup = 3388BACF2452AAEC00F44AE7;
			productRefGroup = 3388BAD92452AAEC00F44AE7 /* Products */;
			projectDirPath = "";
			projectRoot = "";
			targets = (
				3388BAD72452AAEC00F44AE7 /* PipelineiOSTest */,
				3388BAED2452AAF200F44AE7 /* PipelineiOSTestTests */,
				3388BAF82452AAF200F44AE7 /* PipelineiOSTestUITests */,
			);
		};
/* End PBXProject section */

/* Begin PBXResourcesBuildPhase section */
		3388BAD62452AAEC00F44AE7 /* Resources */ = {
			isa = PBXResourcesBuildPhase;
			buildActionMask = 2147483647;
			files = (
				3388BB0C2452AB1B00F44AE7 /* sample.pdf in Resources */,
				3388BAE82452AAF100F44AE7 /* LaunchScreen.storyboard in Resources */,
				3388BAE52452AAF100F44AE7 /* Assets.xcassets in Resources */,
				3388BAE32452AAEC00F44AE7 /* Main.storyboard in Resources */,
			);
			runOnlyForDeploymentPostprocessing = 0;
		};
		3388BAEC2452AAF200F44AE7 /* Resources */ = {
			isa = PBXResourcesBuildPhase;
			buildActionMask = 2147483647;
			files = (
			);
			runOnlyForDeploymentPostprocessing = 0;
		};
		3388BAF72452AAF200F44AE7 /* Resources */ = {
			isa = PBXResourcesBuildPhase;
			buildActionMask = 2147483647;
			files = (
			);
			runOnlyForDeploymentPostprocessing = 0;
		};
/* End PBXResourcesBuildPhase section */

/* Begin PBXSourcesBuildPhase section */
		3388BAD42452AAEC00F44AE7 /* Sources */ = {
			isa = PBXSourcesBuildPhase;
			buildActionMask = 2147483647;
			files = (
				3388BB0E2452AC0B00F44AE7 /* Counter.swift in Sources */,
				3388BAE02452AAEC00F44AE7 /* ViewController.swift in Sources */,
				3388BADC2452AAEC00F44AE7 /* AppDelegate.swift in Sources */,
				3388BADE2452AAEC00F44AE7 /* SceneDelegate.swift in Sources */,
			);
			runOnlyForDeploymentPostprocessing = 0;
		};
		3388BAEA2452AAF200F44AE7 /* Sources */ = {
			isa = PBXSourcesBuildPhase;
			buildActionMask = 2147483647;
			files = (
				3388BAF32452AAF200F44AE7 /* PipelineiOSTestTests.swift in Sources */,
			);
			runOnlyForDeploymentPostprocessing = 0;
		};
		3388BAF52452AAF200F44AE7 /* Sources */ = {
			isa = PBXSourcesBuildPhase;
			buildActionMask = 2147483647;
			files = (
				3388BAFE2452AAF200F44AE7 /* PipelineiOSTestUITests.swift in Sources */,
			);
			runOnlyForDeploymentPostprocessing = 0;
		};
/* End PBXSourcesBuildPhase section */

/* Begin PBXTargetDependency section */
		3388BAF02452AAF200F44AE7 /* PBXTargetDependency */ = {
			isa = PBXTargetDependency;
			target = 3388BAD72452AAEC00F44AE7 /* PipelineiOSTest */;
			targetProxy = 3388BAEF2452AAF200F44AE7 /* PBXContainerItemProxy */;
		};
		3388BAFB2452AAF200F44AE7 /* PBXTargetDependency */ = {
			isa = PBXTargetDependency;
			target = 3388BAD72452AAEC00F44AE7 /* PipelineiOSTest */;
			targetProxy = 3388BAFA2452AAF200F44AE7 /* PBXContainerItemProxy */;
		};
/* End PBXTargetDependency section */

/* Begin PBXVariantGroup section */
		3388BAE12452AAEC00F44AE7 /* Main.storyboard */ = {
			isa = PBXVariantGroup;
			children = (
				3388BAE22452AAEC00F44AE7 /* Base */,
			);
			name = Main.storyboard;
			sourceTree = "<group>";
		};
		3388BAE62452AAF100F44AE7 /* LaunchScreen.storyboard */ = {
			isa = PBXVariantGroup;
			children = (
				3388BAE72452AAF100F44AE7 /* Base */,
			);
			name = LaunchScreen.storyboard;
			sourceTree = "<group>";
		};
/* End PBXVariantGroup section */

/* Begin XCBuildConfiguration section */
		3388BB002452AAF200F44AE7 /* Debug */ = {
			isa = XCBuildConfiguration;
			buildSettings = {
				ALWAYS_SEARCH_USER_PATHS = NO;
				CLANG_ANALYZER_NONNULL = YES;
				CLANG_ANALYZER_NUMBER_OBJECT_CONVERSION = YES_AGGRESSIVE;
				CLANG_CXX_LANGUAGE_STANDARD = "gnu++14";
				CLANG_CXX_LIBRARY = "libc++";
				CLANG_ENABLE_MODULES = YES;
				CLANG_ENABLE_OBJC_ARC = YES;
				CLANG_ENABLE_OBJC_WEAK = YES;
				CLANG_WARN_BLOCK_CAPTURE_AUTORELEASING = YES;
				CLANG_WARN_BOOL_CONVERSION = YES;
				CLANG_WARN_COMMA = YES;
				CLANG_WARN_CONSTANT_CONVERSION = YES;
				CLANG_WARN_DEPRECATED_OBJC_IMPLEMENTATIONS = YES;
				CLANG_WARN_DIRECT_OBJC_ISA_USAGE = YES_ERROR;
				CLANG_WARN_DOCUMENTATION_COMMENTS = YES;
				CLANG_WARN_EMPTY_BODY = YES;
				CLANG_WARN_ENUM_CONVERSION = YES;
				CLANG_WARN_INFINITE_RECURSION = YES;
				CLANG_WARN_INT_CONVERSION = YES;
				CLANG_WARN_NON_LITERAL_NULL_CONVERSION = YES;
				CLANG_WARN_OBJC_IMPLICIT_RETAIN_SELF = YES;
				CLANG_WARN_OBJC_LITERAL_CONVERSION = YES;
				CLANG_WARN_OBJC_ROOT_CLASS = YES_ERROR;
				CLANG_WARN_RANGE_LOOP_ANALYSIS = YES;
				CLANG_WARN_STRICT_PROTOTYPES = YES;
				CLANG_WARN_SUSPICIOUS_MOVE = YES;
				CLANG_WARN_UNGUARDED_AVAILABILITY = YES_AGGRESSIVE;
				CLANG_WARN_UNREACHABLE_CODE = YES;
				CLANG_WARN__DUPLICATE_METHOD_MATCH = YES;
				COPY_PHASE_STRIP = NO;
				DEBUG_INFORMATION_FORMAT = dwarf;
				ENABLE_STRICT_OBJC_MSGSEND = YES;
				ENABLE_TESTABILITY = YES;
				GCC_C_LANGUAGE_STANDARD = gnu11;
				GCC_DYNAMIC_NO_PIC = NO;
				GCC_NO_COMMON_BLOCKS = YES;
				GCC_OPTIMIZATION_LEVEL = 0;
				GCC_PREPROCESSOR_DEFINITIONS = (
					"DEBUG=1",
					"$(inherited)",
				);
				GCC_WARN_64_TO_32_BIT_CONVERSION = YES;
				GCC_WARN_ABOUT_RETURN_TYPE = YES_ERROR;
				GCC_WARN_UNDECLARED_SELECTOR = YES;
				GCC_WARN_UNINITIALIZED_AUTOS = YES_AGGRESSIVE;
				GCC_WARN_UNUSED_FUNCTION = YES;
				GCC_WARN_UNUSED_VARIABLE = YES;
				IPHONEOS_DEPLOYMENT_TARGET = 13.2;
				MTL_ENABLE_DEBUG_INFO = INCLUDE_SOURCE;
				MTL_FAST_MATH = YES;
				ONLY_ACTIVE_ARCH = YES;
				SDKROOT = iphoneos;
				SWIFT_ACTIVE_COMPILATION_CONDITIONS = DEBUG;
				SWIFT_OPTIMIZATION_LEVEL = "-Onone";
			};
			name = Debug;
		};
		3388BB012452AAF200F44AE7 /* Release */ = {
			isa = XCBuildConfiguration;
			buildSettings = {
				ALWAYS_SEARCH_USER_PATHS = NO;
				CLANG_ANALYZER_NONNULL = YES;
				CLANG_ANALYZER_NUMBER_OBJECT_CONVERSION = YES_AGGRESSIVE;
				CLANG_CXX_LANGUAGE_STANDARD = "gnu++14";
				CLANG_CXX_LIBRARY = "libc++";
				CLANG_ENABLE_MODULES = YES;
				CLANG_ENABLE_OBJC_ARC = YES;
				CLANG_ENABLE_OBJC_WEAK = YES;
				CLANG_WARN_BLOCK_CAPTURE_AUTORELEASING = YES;
				CLANG_WARN_BOOL_CONVERSION = YES;
				CLANG_WARN_COMMA = YES;
				CLANG_WARN_CONSTANT_CONVERSION = YES;
				CLANG_WARN_DEPRECATED_OBJC_IMPLEMENTATIONS = YES;
				CLANG_WARN_DIRECT_OBJC_ISA_USAGE = YES_ERROR;
				CLANG_WARN_DOCUMENTATION_COMMENTS = YES;
				CLANG_WARN_EMPTY_BODY = YES;
				CLANG_WARN_ENUM_CONVERSION = YES;
				CLANG_WARN_INFINITE_RECURSION = YES;
				CLANG_WARN_INT_CONVERSION = YES;
				CLANG_WARN_NON_LITERAL_NULL_CONVERSION = YES;
				CLANG_WARN_OBJC_IMPLICIT_RETAIN_SELF = YES;
				CLANG_WARN_OBJC_LITERAL_CONVERSION = YES;
				CLANG_WARN_OBJC_ROOT_CLASS = YES_ERROR;
				CLANG_WARN_RANGE_LOOP_ANALYSIS = YES;
				CLANG_WARN_STRICT_PROTOTYPES = YES;
				CLANG_WARN_SUSPICIOUS_MOVE = YES;
				CLANG_WARN_UNGUARDED_AVAILABILITY = YES_AGGRESSIVE;
				CLANG_WARN_UNREACHABLE_CODE = YES;
				CLANG_WARN__DUPLICATE_METHOD_MATCH = YES;
				COPY_PHASE_STRIP = NO;
				DEBUG_INFORMATION_FORMAT = "dwarf-with-dsym";
				ENABLE_NS_ASSERTIONS = NO;
				ENABLE_STRICT_OBJC_MSGSEND = YES;
				ENABLE_TESTABILITY = YES;
				GCC_C_LANGUAGE_STANDARD = gnu11;
				GCC_NO_COMMON_BLOCKS = YES;
				GCC_WARN_64_TO_32_BIT_CONVERSION = YES;
				GCC_WARN_ABOUT_RETURN_TYPE = YES_ERROR;
				GCC_WARN_UNDECLARED_SELECTOR = YES;
				GCC_WARN_UNINITIALIZED_AUTOS = YES_AGGRESSIVE;
				GCC_WARN_UNUSED_FUNCTION = YES;
				GCC_WARN_UNUSED_VARIABLE = YES;
				IPHONEOS_DEPLOYMENT_TARGET = 13.2;
				MTL_ENABLE_DEBUG_INFO = NO;
				MTL_FAST_MATH = YES;
				SDKROOT = iphoneos;
				SWIFT_COMPILATION_MODE = wholemodule;
				SWIFT_OPTIMIZATION_LEVEL = "-O";
				VALIDATE_PRODUCT = YES;
			};
			name = Release;
		};
		3388BB032452AAF200F44AE7 /* Debug */ = {
			isa = XCBuildConfiguration;
			buildSettings = {
				ASSETCATALOG_COMPILER_APPICON_NAME = AppIcon;
				CODE_SIGN_STYLE = Automatic;
				DEVELOPMENT_TEAM = ULN4HA5APP;
				INFOPLIST_FILE = PipelineiOSTest/Info.plist;
				LD_RUNPATH_SEARCH_PATHS = (
					"$(inherited)",
					"@executable_path/Frameworks",
				);
				PRODUCT_BUNDLE_IDENTIFIER = com.lockdown.app.PipelineiOSTest;
				PRODUCT_NAME = "$(TARGET_NAME)";
				SWIFT_VERSION = 5.0;
				TARGETED_DEVICE_FAMILY = "1,2";
			};
			name = Debug;
		};
		3388BB042452AAF200F44AE7 /* Release */ = {
			isa = XCBuildConfiguration;
			buildSettings = {
				ASSETCATALOG_COMPILER_APPICON_NAME = AppIcon;
				CODE_SIGN_STYLE = Automatic;
				DEVELOPMENT_TEAM = ULN4HA5APP;
				INFOPLIST_FILE = PipelineiOSTest/Info.plist;
				LD_RUNPATH_SEARCH_PATHS = (
					"$(inherited)",
					"@executable_path/Frameworks",
				);
				PRODUCT_BUNDLE_IDENTIFIER = com.lockdown.app.PipelineiOSTest;
				PRODUCT_NAME = "$(TARGET_NAME)";
				SWIFT_VERSION = 5.0;
				TARGETED_DEVICE_FAMILY = "1,2";
			};
			name = Release;
		};
		3388BB062452AAF200F44AE7 /* Debug */ = {
			isa = XCBuildConfiguration;
			buildSettings = {
				ALWAYS_EMBED_SWIFT_STANDARD_LIBRARIES = YES;
				BUNDLE_LOADER = "$(TEST_HOST)";
				CODE_SIGN_STYLE = Automatic;
				DEVELOPMENT_TEAM = ULN4HA5APP;
				INFOPLIST_FILE = PipelineiOSTestTests/Info.plist;
				IPHONEOS_DEPLOYMENT_TARGET = 13.2;
				LD_RUNPATH_SEARCH_PATHS = (
					"$(inherited)",
					"@executable_path/Frameworks",
					"@loader_path/Frameworks",
				);
				PRODUCT_BUNDLE_IDENTIFIER = com.lockdown.app.PipelineiOSTestTests;
				PRODUCT_NAME = "$(TARGET_NAME)";
				SWIFT_VERSION = 5.0;
				TARGETED_DEVICE_FAMILY = "1,2";
				TEST_HOST = "$(BUILT_PRODUCTS_DIR)/PipelineiOSTest.app/PipelineiOSTest";
			};
			name = Debug;
		};
		3388BB072452AAF200F44AE7 /* Release */ = {
			isa = XCBuildConfiguration;
			buildSettings = {
				ALWAYS_EMBED_SWIFT_STANDARD_LIBRARIES = YES;
				BUNDLE_LOADER = "$(TEST_HOST)";
				CODE_SIGN_STYLE = Automatic;
				DEVELOPMENT_TEAM = ULN4HA5APP;
				INFOPLIST_FILE = PipelineiOSTestTests/Info.plist;
				IPHONEOS_DEPLOYMENT_TARGET = 13.2;
				LD_RUNPATH_SEARCH_PATHS = (
					"$(inherited)",
					"@executable_path/Frameworks",
					"@loader_path/Frameworks",
				);
				PRODUCT_BUNDLE_IDENTIFIER = com.lockdown.app.PipelineiOSTestTests;
				PRODUCT_NAME = "$(TARGET_NAME)";
				SWIFT_VERSION = 5.0;
				TARGETED_DEVICE_FAMILY = "1,2";
				TEST_HOST = "$(BUILT_PRODUCTS_DIR)/PipelineiOSTest.app/PipelineiOSTest";
			};
			name = Release;
		};
		3388BB092452AAF200F44AE7 /* Debug */ = {
			isa = XCBuildConfiguration;
			buildSettings = {
				ALWAYS_EMBED_SWIFT_STANDARD_LIBRARIES = YES;
				CODE_SIGN_STYLE = Automatic;
				DEVELOPMENT_TEAM = ULN4HA5APP;
				INFOPLIST_FILE = PipelineiOSTestUITests/Info.plist;
				LD_RUNPATH_SEARCH_PATHS = (
					"$(inherited)",
					"@executable_path/Frameworks",
					"@loader_path/Frameworks",
				);
				PRODUCT_BUNDLE_IDENTIFIER = com.lockdown.app.PipelineiOSTestUITests;
				PRODUCT_NAME = "$(TARGET_NAME)";
				SWIFT_VERSION = 5.0;
				TARGETED_DEVICE_FAMILY = "1,2";
				TEST_TARGET_NAME = PipelineiOSTest;
			};
			name = Debug;
		};
		3388BB0A2452AAF200F44AE7 /* Release */ = {
			isa = XCBuildConfiguration;
			buildSettings = {
				ALWAYS_EMBED_SWIFT_STANDARD_LIBRARIES = YES;
				CODE_SIGN_STYLE = Automatic;
				DEVELOPMENT_TEAM = ULN4HA5APP;
				INFOPLIST_FILE = PipelineiOSTestUITests/Info.plist;
				LD_RUNPATH_SEARCH_PATHS = (
					"$(inherited)",
					"@executable_path/Frameworks",
					"@loader_path/Frameworks",
				);
				PRODUCT_BUNDLE_IDENTIFIER = com.lockdown.app.PipelineiOSTestUITests;
				PRODUCT_NAME = "$(TARGET_NAME)";
				SWIFT_VERSION = 5.0;
				TARGETED_DEVICE_FAMILY = "1,2";
				TEST_TARGET_NAME = PipelineiOSTest;
			};
			name = Release;
		};
/* End XCBuildConfiguration section */

/* Begin XCConfigurationList section */
		3388BAD32452AAEC00F44AE7 /* Build configuration list for PBXProject "PipelineiOSTest" */ = {
			isa = XCConfigurationList;
			buildConfigurations = (
				3388BB002452AAF200F44AE7 /* Debug */,
				3388BB012452AAF200F44AE7 /* Release */,
			);
			defaultConfigurationIsVisible = 0;
			defaultConfigurationName = Release;
		};
		3388BB022452AAF200F44AE7 /* Build configuration list for PBXNativeTarget "PipelineiOSTest" */ = {
			isa = XCConfigurationList;
			buildConfigurations = (
				3388BB032452AAF200F44AE7 /* Debug */,
				3388BB042452AAF200F44AE7 /* Release */,
			);
			defaultConfigurationIsVisible = 0;
			defaultConfigurationName = Release;
		};
		3388BB052452AAF200F44AE7 /* Build configuration list for PBXNativeTarget "PipelineiOSTestTests" */ = {
			isa = XCConfigurationList;
			buildConfigurations = (
				3388BB062452AAF200F44AE7 /* Debug */,
				3388BB072452AAF200F44AE7 /* Release */,
			);
			defaultConfigurationIsVisible = 0;
			defaultConfigurationName = Release;
		};
		3388BB082452AAF200F44AE7 /* Build configuration list for PBXNativeTarget "PipelineiOSTestUITests" */ = {
			isa = XCConfigurationList;
			buildConfigurations = (
				3388BB092452AAF200F44AE7 /* Debug */,
				3388BB0A2452AAF200F44AE7 /* Release */,
			);
			defaultConfigurationIsVisible = 0;
			defaultConfigurationName = Release;
		};
/* End XCConfigurationList section */
	};
	rootObject = 3388BAD02452AAEC00F44AE7 /* Project object */;
}
